
Microsoft Visual Studio Solution File, Format Version 12.00
# Visual Studio Version 17
VisualStudioVersion = 17.8.34330.188
MinimumVisualStudioVersion = 10.0.40219.1
Project("{FAE04EC0-301F-11D3-BF4B-00C04F79EFBC}") = "Resume.Web", "Resume.Web\Resume.Web.csproj", "{2AE88615-7CAD-49CD-A0B0-0BA12A6C5667}"
EndProject
Project("{FAE04EC0-301F-11D3-BF4B-00C04F79EFBC}") = "Resume.DAL", "Resume.DAL\Resume.DAL.csproj", "{669C4B73-8ACE-465B-AD16-D5EB38839E51}"
EndProject
Project("{FAE04EC0-301F-11D3-BF4B-00C04F79EFBC}") = "Resume.Business", "Resume.Business\Resume.Business.csproj", "{AAF284F5-D7D5-4A4B-98ED-423EE2D5B155}"
EndProject
Global
	GlobalSection(SolutionConfigurationPlatforms) = preSolution
		Debug|Any CPU = Debug|Any CPU
		Release|Any CPU = Release|Any CPU
	EndGlobalSection
	GlobalSection(ProjectConfigurationPlatforms) = postSolution
		{2AE88615-7CAD-49CD-A0B0-0BA12A6C5667}.Debug|Any CPU.ActiveCfg = Debug|Any CPU
		{2AE88615-7CAD-49CD-A0B0-0BA12A6C5667}.Debug|Any CPU.Build.0 = Debug|Any CPU
		{2AE88615-7CAD-49CD-A0B0-0BA12A6C5667}.Release|Any CPU.ActiveCfg = Release|Any CPU
		{2AE88615-7CAD-49CD-A0B0-0BA12A6C5667}.Release|Any CPU.Build.0 = Release|Any CPU
		{669C4B73-8ACE-465B-AD16-D5EB38839E51}.Debug|Any CPU.ActiveCfg = Debug|Any CPU
		{669C4B73-8ACE-465B-AD16-D5EB38839E51}.Debug|Any CPU.Build.0 = Debug|Any CPU
		{669C4B73-8ACE-465B-AD16-D5EB38839E51}.Release|Any CPU.ActiveCfg = Release|Any CPU
		{669C4B73-8ACE-465B-AD16-D5EB38839E51}.Release|Any CPU.Build.0 = Release|Any CPU
		{AAF284F5-D7D5-4A4B-98ED-423EE2D5B155}.Debug|Any CPU.ActiveCfg = Debug|Any CPU
		{AAF284F5-D7D5-4A4B-98ED-423EE2D5B155}.Debug|Any CPU.Build.0 = Debug|Any CPU
		{AAF284F5-D7D5-4A4B-98ED-423EE2D5B155}.Release|Any CPU.ActiveCfg = Release|Any CPU
		{AAF284F5-D7D5-4A4B-98ED-423EE2D5B155}.Release|Any CPU.Build.0 = Release|Any CPU
	EndGlobalSection
	GlobalSection(SolutionProperties) = preSolution
		HideSolutionNode = FALSE
	EndGlobalSection
	GlobalSection(ExtensibilityGlobals) = postSolution
		SolutionGuid = {6F1546BA-7B83-4DDA-B105-CACC0F845F24}
	EndGlobalSection
EndGlobal
